
Microsoft Visual Studio Solution File, Format Version 12.00
# Visual Studio 14
VisualStudioVersion = 14.0.25123.0
MinimumVisualStudioVersion = 10.0.40219.1
Project("{00D1A9C2-B5F0-4AF3-8072-F6C62B433612}") = "DotaBrackets_DB_2016", "DotaBrackets_DB_2016\DotaBrackets_DB_2016.sqlproj", "{6AF5715F-0EEF-4B5A-AF20-2B1323CD812C}"
EndProject
Project("{FAE04EC0-301F-11D3-BF4B-00C04F79EFBC}") = "DotaBrackets_WEB_2016", "DotaBrackets_WEB_2016\DotaBrackets_WEB_2016.csproj", "{5733AC8B-33A3-4C7B-876B-820228550B88}"
EndProject
Global
	GlobalSection(SolutionConfigurationPlatforms) = preSolution
		Debug|Any CPU = Debug|Any CPU
		Release|Any CPU = Release|Any CPU
	EndGlobalSection
	GlobalSection(ProjectConfigurationPlatforms) = postSolution
		{6AF5715F-0EEF-4B5A-AF20-2B1323CD812C}.Debug|Any CPU.ActiveCfg = Debug|Any CPU
		{6AF5715F-0EEF-4B5A-AF20-2B1323CD812C}.Debug|Any CPU.Build.0 = Debug|Any CPU
		{6AF5715F-0EEF-4B5A-AF20-2B1323CD812C}.Debug|Any CPU.Deploy.0 = Debug|Any CPU
		{6AF5715F-0EEF-4B5A-AF20-2B1323CD812C}.Release|Any CPU.ActiveCfg = Release|Any CPU
		{6AF5715F-0EEF-4B5A-AF20-2B1323CD812C}.Release|Any CPU.Build.0 = Release|Any CPU
		{6AF5715F-0EEF-4B5A-AF20-2B1323CD812C}.Release|Any CPU.Deploy.0 = Release|Any CPU
		{5733AC8B-33A3-4C7B-876B-820228550B88}.Debug|Any CPU.ActiveCfg = Debug|Any CPU
		{5733AC8B-33A3-4C7B-876B-820228550B88}.Debug|Any CPU.Build.0 = Debug|Any CPU
		{5733AC8B-33A3-4C7B-876B-820228550B88}.Release|Any CPU.ActiveCfg = Release|Any CPU
		{5733AC8B-33A3-4C7B-876B-820228550B88}.Release|Any CPU.Build.0 = Release|Any CPU
	EndGlobalSection
	GlobalSection(SolutionProperties) = preSolution
		HideSolutionNode = FALSE
	EndGlobalSection
	GlobalSection(ExtensibilityGlobals) = postSolution
		EnterpriseLibraryConfigurationToolBinariesPathV6 = packages\EnterpriseLibrary.Common.6.0.1304.0\lib\NET45;packages\EnterpriseLibrary.Data.6.0.1304.0\lib\NET45
	EndGlobalSection
EndGlobal
