
Microsoft Visual Studio Solution File, Format Version 12.00
# Visual Studio 14
VisualStudioVersion = 14.0.25123.0
MinimumVisualStudioVersion = 10.0.40219.1
Project("{00D1A9C2-B5F0-4AF3-8072-F6C62B433612}") = "DotaBrackets_DB_2016", "DotaBrackets_DB_2016\DotaBrackets_DB_2016.sqlproj", "{DFA71C45-04EA-44DF-94C5-998109D8CC2A}"
EndProject
Project("{FAE04EC0-301F-11D3-BF4B-00C04F79EFBC}") = "DotaBrackets_WEB_2016", "DotaBrackets_WEB_2016\DotaBrackets_WEB_2016.csproj", "{97D40A8B-9F70-4E91-90F8-2C152D12104A}"
EndProject
Global
	GlobalSection(SolutionConfigurationPlatforms) = preSolution
		Debug|Any CPU = Debug|Any CPU
		Release|Any CPU = Release|Any CPU
	EndGlobalSection
	GlobalSection(ProjectConfigurationPlatforms) = postSolution
		{DFA71C45-04EA-44DF-94C5-998109D8CC2A}.Debug|Any CPU.ActiveCfg = Debug|Any CPU
		{DFA71C45-04EA-44DF-94C5-998109D8CC2A}.Debug|Any CPU.Build.0 = Debug|Any CPU
		{DFA71C45-04EA-44DF-94C5-998109D8CC2A}.Debug|Any CPU.Deploy.0 = Debug|Any CPU
		{DFA71C45-04EA-44DF-94C5-998109D8CC2A}.Release|Any CPU.ActiveCfg = Release|Any CPU
		{DFA71C45-04EA-44DF-94C5-998109D8CC2A}.Release|Any CPU.Build.0 = Release|Any CPU
		{DFA71C45-04EA-44DF-94C5-998109D8CC2A}.Release|Any CPU.Deploy.0 = Release|Any CPU
		{97D40A8B-9F70-4E91-90F8-2C152D12104A}.Debug|Any CPU.ActiveCfg = Debug|Any CPU
		{97D40A8B-9F70-4E91-90F8-2C152D12104A}.Debug|Any CPU.Build.0 = Debug|Any CPU
		{97D40A8B-9F70-4E91-90F8-2C152D12104A}.Release|Any CPU.ActiveCfg = Release|Any CPU
		{97D40A8B-9F70-4E91-90F8-2C152D12104A}.Release|Any CPU.Build.0 = Release|Any CPU
	EndGlobalSection
	GlobalSection(SolutionProperties) = preSolution
		HideSolutionNode = FALSE
	EndGlobalSection
EndGlobal
